
Microsoft Visual Studio Solution File, Format Version 12.00
# Visual Studio Version 16
VisualStudioVersion = 16.0.29324.140
MinimumVisualStudioVersion = 10.0.40219.1
Project("{8BC9CEB8-8B4A-11D0-8D11-00A0C91BC942}") = "PluralSight_Course", "PluralSight_Course\PluralSight_Course.vcxproj", "{5972AE16-5DBE-4BE8-8457-A68EC7F14D67}"
EndProject
Project("{8BC9CEB8-8B4A-11D0-8D11-00A0C91BC942}") = "Cpp_Array", "Cpp_Array\Cpp_Array.vcxproj", "{1B8B0F02-151B-48DF-AB12-864032565C9F}"
EndProject
Project("{8BC9CEB8-8B4A-11D0-8D11-00A0C91BC942}") = "STL_Algorithms", "STL_Algorithms\STL_Algorithms.vcxproj", "{B2842B4F-9145-49D5-88CF-357443859FCB}"
EndProject
Project("{8BC9CEB8-8B4A-11D0-8D11-00A0C91BC942}") = "Cpp_Testes", "Cpp_Testes\Cpp_Testes.vcxproj", "{C8F7AB5C-A4DD-4EB0-8069-E6AE2BC1FB32}"
EndProject
Project("{8BC9CEB8-8B4A-11D0-8D11-00A0C91BC942}") = "Standard_Containers", "Standard_Containers\Standard_Containers.vcxproj", "{36ACC8D8-A346-4982-A792-88DEACA8E521}"
EndProject
Project("{8BC9CEB8-8B4A-11D0-8D11-00A0C91BC942}") = "Cpp_DesignPatterns", "Cpp_DesignPatterns\Cpp_DesignPatterns.vcxproj", "{E26451F8-52E5-47BB-A784-D8745CDA3E8E}"
EndProject
Global
	GlobalSection(SolutionConfigurationPlatforms) = preSolution
		Debug|x64 = Debug|x64
		Debug|x86 = Debug|x86
		Release|x64 = Release|x64
		Release|x86 = Release|x86
	EndGlobalSection
	GlobalSection(ProjectConfigurationPlatforms) = postSolution
		{5972AE16-5DBE-4BE8-8457-A68EC7F14D67}.Debug|x64.ActiveCfg = Debug|x64
		{5972AE16-5DBE-4BE8-8457-A68EC7F14D67}.Debug|x64.Build.0 = Debug|x64
		{5972AE16-5DBE-4BE8-8457-A68EC7F14D67}.Debug|x86.ActiveCfg = Debug|Win32
		{5972AE16-5DBE-4BE8-8457-A68EC7F14D67}.Debug|x86.Build.0 = Debug|Win32
		{5972AE16-5DBE-4BE8-8457-A68EC7F14D67}.Release|x64.ActiveCfg = Release|x64
		{5972AE16-5DBE-4BE8-8457-A68EC7F14D67}.Release|x64.Build.0 = Release|x64
		{5972AE16-5DBE-4BE8-8457-A68EC7F14D67}.Release|x86.ActiveCfg = Release|Win32
		{5972AE16-5DBE-4BE8-8457-A68EC7F14D67}.Release|x86.Build.0 = Release|Win32
		{1B8B0F02-151B-48DF-AB12-864032565C9F}.Debug|x64.ActiveCfg = Debug|x64
		{1B8B0F02-151B-48DF-AB12-864032565C9F}.Debug|x64.Build.0 = Debug|x64
		{1B8B0F02-151B-48DF-AB12-864032565C9F}.Debug|x86.ActiveCfg = Debug|Win32
		{1B8B0F02-151B-48DF-AB12-864032565C9F}.Debug|x86.Build.0 = Debug|Win32
		{1B8B0F02-151B-48DF-AB12-864032565C9F}.Release|x64.ActiveCfg = Release|x64
		{1B8B0F02-151B-48DF-AB12-864032565C9F}.Release|x64.Build.0 = Release|x64
		{1B8B0F02-151B-48DF-AB12-864032565C9F}.Release|x86.ActiveCfg = Release|Win32
		{1B8B0F02-151B-48DF-AB12-864032565C9F}.Release|x86.Build.0 = Release|Win32
		{B2842B4F-9145-49D5-88CF-357443859FCB}.Debug|x64.ActiveCfg = Debug|x64
		{B2842B4F-9145-49D5-88CF-357443859FCB}.Debug|x64.Build.0 = Debug|x64
		{B2842B4F-9145-49D5-88CF-357443859FCB}.Debug|x86.ActiveCfg = Debug|Win32
		{B2842B4F-9145-49D5-88CF-357443859FCB}.Debug|x86.Build.0 = Debug|Win32
		{B2842B4F-9145-49D5-88CF-357443859FCB}.Release|x64.ActiveCfg = Release|x64
		{B2842B4F-9145-49D5-88CF-357443859FCB}.Release|x64.Build.0 = Release|x64
		{B2842B4F-9145-49D5-88CF-357443859FCB}.Release|x86.ActiveCfg = Release|Win32
		{B2842B4F-9145-49D5-88CF-357443859FCB}.Release|x86.Build.0 = Release|Win32
		{C8F7AB5C-A4DD-4EB0-8069-E6AE2BC1FB32}.Debug|x64.ActiveCfg = Debug|x64
		{C8F7AB5C-A4DD-4EB0-8069-E6AE2BC1FB32}.Debug|x64.Build.0 = Debug|x64
		{C8F7AB5C-A4DD-4EB0-8069-E6AE2BC1FB32}.Debug|x86.ActiveCfg = Debug|Win32
		{C8F7AB5C-A4DD-4EB0-8069-E6AE2BC1FB32}.Debug|x86.Build.0 = Debug|Win32
		{C8F7AB5C-A4DD-4EB0-8069-E6AE2BC1FB32}.Release|x64.ActiveCfg = Release|x64
		{C8F7AB5C-A4DD-4EB0-8069-E6AE2BC1FB32}.Release|x64.Build.0 = Release|x64
		{C8F7AB5C-A4DD-4EB0-8069-E6AE2BC1FB32}.Release|x86.ActiveCfg = Release|Win32
		{C8F7AB5C-A4DD-4EB0-8069-E6AE2BC1FB32}.Release|x86.Build.0 = Release|Win32
		{36ACC8D8-A346-4982-A792-88DEACA8E521}.Debug|x64.ActiveCfg = Debug|x64
		{36ACC8D8-A346-4982-A792-88DEACA8E521}.Debug|x64.Build.0 = Debug|x64
		{36ACC8D8-A346-4982-A792-88DEACA8E521}.Debug|x86.ActiveCfg = Debug|Win32
		{36ACC8D8-A346-4982-A792-88DEACA8E521}.Debug|x86.Build.0 = Debug|Win32
		{36ACC8D8-A346-4982-A792-88DEACA8E521}.Release|x64.ActiveCfg = Release|x64
		{36ACC8D8-A346-4982-A792-88DEACA8E521}.Release|x64.Build.0 = Release|x64
		{36ACC8D8-A346-4982-A792-88DEACA8E521}.Release|x86.ActiveCfg = Release|Win32
		{36ACC8D8-A346-4982-A792-88DEACA8E521}.Release|x86.Build.0 = Release|Win32
		{E26451F8-52E5-47BB-A784-D8745CDA3E8E}.Debug|x64.ActiveCfg = Debug|x64
		{E26451F8-52E5-47BB-A784-D8745CDA3E8E}.Debug|x64.Build.0 = Debug|x64
		{E26451F8-52E5-47BB-A784-D8745CDA3E8E}.Debug|x86.ActiveCfg = Debug|Win32
		{E26451F8-52E5-47BB-A784-D8745CDA3E8E}.Debug|x86.Build.0 = Debug|Win32
		{E26451F8-52E5-47BB-A784-D8745CDA3E8E}.Release|x64.ActiveCfg = Release|x64
		{E26451F8-52E5-47BB-A784-D8745CDA3E8E}.Release|x64.Build.0 = Release|x64
		{E26451F8-52E5-47BB-A784-D8745CDA3E8E}.Release|x86.ActiveCfg = Release|Win32
		{E26451F8-52E5-47BB-A784-D8745CDA3E8E}.Release|x86.Build.0 = Release|Win32
	EndGlobalSection
	GlobalSection(SolutionProperties) = preSolution
		HideSolutionNode = FALSE
	EndGlobalSection
	GlobalSection(ExtensibilityGlobals) = postSolution
		SolutionGuid = {B4177657-604C-48D6-8B2E-A5B87C5A9DBC}
	EndGlobalSection
EndGlobal
